
Microsoft Visual Studio Solution File, Format Version 12.00
# Visual Studio Version 17
VisualStudioVersion = 17.9.34607.119
MinimumVisualStudioVersion = 10.0.40219.1
Project("{FAE04EC0-301F-11D3-BF4B-00C04F79EFBC}") = "01_MainSubjects", "01_MainSubjects\01_MainSubjects.csproj", "{1578EE3E-2C6F-4C5D-BE5C-63C51B2296E2}"
EndProject
Project("{FAE04EC0-301F-11D3-BF4B-00C04F79EFBC}") = "02_Variables", "02_Variables\02_Variables.csproj", "{A0900F60-FC1B-4326-8275-55310D93E20E}"
EndProject
Project("{FAE04EC0-301F-11D3-BF4B-00C04F79EFBC}") = "03_MakingDecision", "03_MakingDecision\03_MakingDecision.csproj", "{DB00B0FB-E926-4381-9171-0A68549858F4}"
EndProject
Project("{FAE04EC0-301F-11D3-BF4B-00C04F79EFBC}") = "04_Loops", "04_Loops\04_Loops.csproj", "{F04687B4-2026-4A7B-A5AE-06C606FF2D5C}"
EndProject
Project("{FAE04EC0-301F-11D3-BF4B-00C04F79EFBC}") = "05_LoopsWithStars", "05_LoopsWithStars\05_LoopsWithStars.csproj", "{F3F92BC9-AA2F-49FE-8DBE-63F5C205AFF4}"
EndProject
Global
	GlobalSection(SolutionConfigurationPlatforms) = preSolution
		Debug|Any CPU = Debug|Any CPU
		Release|Any CPU = Release|Any CPU
	EndGlobalSection
	GlobalSection(ProjectConfigurationPlatforms) = postSolution
		{1578EE3E-2C6F-4C5D-BE5C-63C51B2296E2}.Debug|Any CPU.ActiveCfg = Debug|Any CPU
		{1578EE3E-2C6F-4C5D-BE5C-63C51B2296E2}.Debug|Any CPU.Build.0 = Debug|Any CPU
		{1578EE3E-2C6F-4C5D-BE5C-63C51B2296E2}.Release|Any CPU.ActiveCfg = Release|Any CPU
		{1578EE3E-2C6F-4C5D-BE5C-63C51B2296E2}.Release|Any CPU.Build.0 = Release|Any CPU
		{A0900F60-FC1B-4326-8275-55310D93E20E}.Debug|Any CPU.ActiveCfg = Debug|Any CPU
		{A0900F60-FC1B-4326-8275-55310D93E20E}.Debug|Any CPU.Build.0 = Debug|Any CPU
		{A0900F60-FC1B-4326-8275-55310D93E20E}.Release|Any CPU.ActiveCfg = Release|Any CPU
		{A0900F60-FC1B-4326-8275-55310D93E20E}.Release|Any CPU.Build.0 = Release|Any CPU
		{DB00B0FB-E926-4381-9171-0A68549858F4}.Debug|Any CPU.ActiveCfg = Debug|Any CPU
		{DB00B0FB-E926-4381-9171-0A68549858F4}.Debug|Any CPU.Build.0 = Debug|Any CPU
		{DB00B0FB-E926-4381-9171-0A68549858F4}.Release|Any CPU.ActiveCfg = Release|Any CPU
		{DB00B0FB-E926-4381-9171-0A68549858F4}.Release|Any CPU.Build.0 = Release|Any CPU
		{F04687B4-2026-4A7B-A5AE-06C606FF2D5C}.Debug|Any CPU.ActiveCfg = Debug|Any CPU
		{F04687B4-2026-4A7B-A5AE-06C606FF2D5C}.Debug|Any CPU.Build.0 = Debug|Any CPU
		{F04687B4-2026-4A7B-A5AE-06C606FF2D5C}.Release|Any CPU.ActiveCfg = Release|Any CPU
		{F04687B4-2026-4A7B-A5AE-06C606FF2D5C}.Release|Any CPU.Build.0 = Release|Any CPU
		{F3F92BC9-AA2F-49FE-8DBE-63F5C205AFF4}.Debug|Any CPU.ActiveCfg = Debug|Any CPU
		{F3F92BC9-AA2F-49FE-8DBE-63F5C205AFF4}.Debug|Any CPU.Build.0 = Debug|Any CPU
		{F3F92BC9-AA2F-49FE-8DBE-63F5C205AFF4}.Release|Any CPU.ActiveCfg = Release|Any CPU
		{F3F92BC9-AA2F-49FE-8DBE-63F5C205AFF4}.Release|Any CPU.Build.0 = Release|Any CPU
	EndGlobalSection
	GlobalSection(SolutionProperties) = preSolution
		HideSolutionNode = FALSE
	EndGlobalSection
	GlobalSection(ExtensibilityGlobals) = postSolution
		SolutionGuid = {EDC2D5B2-4682-45CD-93A9-D6A0FD185BF9}
	EndGlobalSection
EndGlobal
